
Microsoft Visual Studio Solution File, Format Version 12.00
# Visual Studio Version 17
VisualStudioVersion = 17.3.32929.385
MinimumVisualStudioVersion = 10.0.40219.1
Project("{FAE04EC0-301F-11D3-BF4B-00C04F79EFBC}") = "Farkas_Szabolcs_ProiectExamen", "Farkas_Szabolcs_ProiectExamen.csproj", "{7C189A21-CD1F-4334-BBD4-921842D52CE8}"
EndProject
Global
	GlobalSection(SolutionConfigurationPlatforms) = preSolution
		Debug|Any CPU = Debug|Any CPU
		Release|Any CPU = Release|Any CPU
	EndGlobalSection
	GlobalSection(ProjectConfigurationPlatforms) = postSolution
		{7C189A21-CD1F-4334-BBD4-921842D52CE8}.Debug|Any CPU.ActiveCfg = Debug|Any CPU
		{7C189A21-CD1F-4334-BBD4-921842D52CE8}.Debug|Any CPU.Build.0 = Debug|Any CPU
		{7C189A21-CD1F-4334-BBD4-921842D52CE8}.Release|Any CPU.ActiveCfg = Release|Any CPU
		{7C189A21-CD1F-4334-BBD4-921842D52CE8}.Release|Any CPU.Build.0 = Release|Any CPU
	EndGlobalSection
	GlobalSection(SolutionProperties) = preSolution
		HideSolutionNode = FALSE
	EndGlobalSection
	GlobalSection(ExtensibilityGlobals) = postSolution
		SolutionGuid = {FA6E0D69-DF09-4610-AB4B-5D1900D1C830}
	EndGlobalSection
EndGlobal
